
Microsoft Visual Studio Solution File, Format Version 12.00
# Visual Studio Version 17
VisualStudioVersion = 17.5.33424.131
MinimumVisualStudioVersion = 10.0.40219.1
Project("{9A19103F-16F7-4668-BE54-9A1E7A4F7556}") = "Client", "lab_01_pr\Client.csproj", "{D5BDD735-2165-4CF8-A728-AEAFC3C9945E}"
EndProject
Project("{FAE04EC0-301F-11D3-BF4B-00C04F79EFBC}") = "Server", "Server\Server.csproj", "{793DB83B-8E02-41E3-A6E1-9D127F52C846}"
EndProject
Global
	GlobalSection(SolutionConfigurationPlatforms) = preSolution
		Debug|Any CPU = Debug|Any CPU
		Release|Any CPU = Release|Any CPU
	EndGlobalSection
	GlobalSection(ProjectConfigurationPlatforms) = postSolution
		{D5BDD735-2165-4CF8-A728-AEAFC3C9945E}.Debug|Any CPU.ActiveCfg = Debug|Any CPU
		{D5BDD735-2165-4CF8-A728-AEAFC3C9945E}.Debug|Any CPU.Build.0 = Debug|Any CPU
		{D5BDD735-2165-4CF8-A728-AEAFC3C9945E}.Release|Any CPU.ActiveCfg = Release|Any CPU
		{D5BDD735-2165-4CF8-A728-AEAFC3C9945E}.Release|Any CPU.Build.0 = Release|Any CPU
		{793DB83B-8E02-41E3-A6E1-9D127F52C846}.Debug|Any CPU.ActiveCfg = Debug|Any CPU
		{793DB83B-8E02-41E3-A6E1-9D127F52C846}.Debug|Any CPU.Build.0 = Debug|Any CPU
		{793DB83B-8E02-41E3-A6E1-9D127F52C846}.Release|Any CPU.ActiveCfg = Release|Any CPU
		{793DB83B-8E02-41E3-A6E1-9D127F52C846}.Release|Any CPU.Build.0 = Release|Any CPU
	EndGlobalSection
	GlobalSection(SolutionProperties) = preSolution
		HideSolutionNode = FALSE
	EndGlobalSection
	GlobalSection(ExtensibilityGlobals) = postSolution
		SolutionGuid = {3023202D-B881-401D-9876-333CB386A353}
	EndGlobalSection
EndGlobal
